
Microsoft Visual Studio Solution File, Format Version 12.00
# Visual Studio 15
VisualStudioVersion = 15.0.26403.0
MinimumVisualStudioVersion = 10.0.40219.1
Project("{FAE04EC0-301F-11D3-BF4B-00C04F79EFBC}") = "PL", "PL\PL.csproj", "{DAE1D025-CEDE-4A01-8A4C-CC173E08EFBB}"
EndProject
Project("{FAE04EC0-301F-11D3-BF4B-00C04F79EFBC}") = "BLL", "BLL\BLL.csproj", "{46600AC3-44EF-4F48-BE88-D63BAB4300D8}"
EndProject
Global
	GlobalSection(SolutionConfigurationPlatforms) = preSolution
		Debug|Any CPU = Debug|Any CPU
		Release|Any CPU = Release|Any CPU
	EndGlobalSection
	GlobalSection(ProjectConfigurationPlatforms) = postSolution
		{DAE1D025-CEDE-4A01-8A4C-CC173E08EFBB}.Debug|Any CPU.ActiveCfg = Debug|Any CPU
		{DAE1D025-CEDE-4A01-8A4C-CC173E08EFBB}.Debug|Any CPU.Build.0 = Debug|Any CPU
		{DAE1D025-CEDE-4A01-8A4C-CC173E08EFBB}.Release|Any CPU.ActiveCfg = Release|Any CPU
		{DAE1D025-CEDE-4A01-8A4C-CC173E08EFBB}.Release|Any CPU.Build.0 = Release|Any CPU
		{46600AC3-44EF-4F48-BE88-D63BAB4300D8}.Debug|Any CPU.ActiveCfg = Debug|Any CPU
		{46600AC3-44EF-4F48-BE88-D63BAB4300D8}.Debug|Any CPU.Build.0 = Debug|Any CPU
		{46600AC3-44EF-4F48-BE88-D63BAB4300D8}.Release|Any CPU.ActiveCfg = Release|Any CPU
		{46600AC3-44EF-4F48-BE88-D63BAB4300D8}.Release|Any CPU.Build.0 = Release|Any CPU
	EndGlobalSection
	GlobalSection(SolutionProperties) = preSolution
		HideSolutionNode = FALSE
	EndGlobalSection
EndGlobal
